
Microsoft Visual Studio Solution File, Format Version 12.00
# Visual Studio Version 16
VisualStudioVersion = 16.0.31313.79
MinimumVisualStudioVersion = 10.0.40219.1
Project("{888888A0-9F3D-457C-B088-3A5042F75D52}") = "게임시작화면", "게임시작화면\게임시작화면.pyproj", "{ECDA3C3E-DBD5-460D-B072-9795FBA5CC3D}"
EndProject
Global
	GlobalSection(SolutionConfigurationPlatforms) = preSolution
		Debug|Any CPU = Debug|Any CPU
		Release|Any CPU = Release|Any CPU
	EndGlobalSection
	GlobalSection(ProjectConfigurationPlatforms) = postSolution
		{ECDA3C3E-DBD5-460D-B072-9795FBA5CC3D}.Debug|Any CPU.ActiveCfg = Debug|Any CPU
		{ECDA3C3E-DBD5-460D-B072-9795FBA5CC3D}.Release|Any CPU.ActiveCfg = Release|Any CPU
	EndGlobalSection
	GlobalSection(SolutionProperties) = preSolution
		HideSolutionNode = FALSE
	EndGlobalSection
	GlobalSection(ExtensibilityGlobals) = postSolution
		SolutionGuid = {4CE08EE5-06D4-4CBC-B218-16CD4362612B}
	EndGlobalSection
EndGlobal
