
Microsoft Visual Studio Solution File, Format Version 12.00
# Visual Studio Version 16
VisualStudioVersion = 16.0.31624.102
MinimumVisualStudioVersion = 10.0.40219.1
Project("{888888A0-9F3D-457C-B088-3A5042F75D52}") = "노트생성8", "노트생성8.pyproj", "{53A91EE3-2362-46B0-8BBC-36DFA17A78AF}"
EndProject
Global
	GlobalSection(SolutionConfigurationPlatforms) = preSolution
		Debug|Any CPU = Debug|Any CPU
		Release|Any CPU = Release|Any CPU
	EndGlobalSection
	GlobalSection(ProjectConfigurationPlatforms) = postSolution
		{53A91EE3-2362-46B0-8BBC-36DFA17A78AF}.Debug|Any CPU.ActiveCfg = Debug|Any CPU
		{53A91EE3-2362-46B0-8BBC-36DFA17A78AF}.Release|Any CPU.ActiveCfg = Release|Any CPU
	EndGlobalSection
	GlobalSection(SolutionProperties) = preSolution
		HideSolutionNode = FALSE
	EndGlobalSection
	GlobalSection(ExtensibilityGlobals) = postSolution
		SolutionGuid = {0DB9DA1E-3F16-4A0A-9244-2509A371A761}
	EndGlobalSection
EndGlobal
