
Microsoft Visual Studio Solution File, Format Version 12.00
# Visual Studio Version 16
VisualStudioVersion = 16.0.31313.79
MinimumVisualStudioVersion = 10.0.40219.1
Project("{888888A0-9F3D-457C-B088-3A5042F75D52}") = "체력바", "체력바\체력바.pyproj", "{0A93668A-D9BA-47D7-A1E5-7E53788C5518}"
EndProject
Global
	GlobalSection(SolutionConfigurationPlatforms) = preSolution
		Debug|Any CPU = Debug|Any CPU
		Release|Any CPU = Release|Any CPU
	EndGlobalSection
	GlobalSection(ProjectConfigurationPlatforms) = postSolution
		{0A93668A-D9BA-47D7-A1E5-7E53788C5518}.Debug|Any CPU.ActiveCfg = Debug|Any CPU
		{0A93668A-D9BA-47D7-A1E5-7E53788C5518}.Release|Any CPU.ActiveCfg = Release|Any CPU
	EndGlobalSection
	GlobalSection(SolutionProperties) = preSolution
		HideSolutionNode = FALSE
	EndGlobalSection
	GlobalSection(ExtensibilityGlobals) = postSolution
		SolutionGuid = {C0FB6828-ADCA-4938-B09C-A7715380EC37}
	EndGlobalSection
EndGlobal
