
Microsoft Visual Studio Solution File, Format Version 12.00
# Visual Studio Version 16
VisualStudioVersion = 16.0.31624.102
MinimumVisualStudioVersion = 10.0.40219.1
Project("{888888A0-9F3D-457C-B088-3A5042F75D52}") = "충돌과 판정", "충돌과 판정\충돌과 판정.pyproj", "{875D262E-577A-4B9A-9394-6839D35224A8}"
EndProject
Global
	GlobalSection(SolutionConfigurationPlatforms) = preSolution
		Debug|Any CPU = Debug|Any CPU
		Release|Any CPU = Release|Any CPU
	EndGlobalSection
	GlobalSection(ProjectConfigurationPlatforms) = postSolution
		{875D262E-577A-4B9A-9394-6839D35224A8}.Debug|Any CPU.ActiveCfg = Debug|Any CPU
		{875D262E-577A-4B9A-9394-6839D35224A8}.Release|Any CPU.ActiveCfg = Release|Any CPU
	EndGlobalSection
	GlobalSection(SolutionProperties) = preSolution
		HideSolutionNode = FALSE
	EndGlobalSection
	GlobalSection(ExtensibilityGlobals) = postSolution
		SolutionGuid = {7E47AEDA-4BC9-43DA-A5C1-572FCAFF5255}
	EndGlobalSection
EndGlobal
